// !$*UTF8*$!
{
	archiveVersion = 1;
	classes = {
	};
	objectVersion = 50;
	objects = {

/* Begin PBXBuildFile section */
		A89E50CD260E0FCE0005D016 /* FavouriteFoodApp.swift in Sources */ = {isa = PBXBuildFile; fileRef = A89E50CC260E0FCE0005D016 /* FavouriteFoodApp.swift */; };
		A89E50CF260E0FCE0005D016 /* ContentView.swift in Sources */ = {isa = PBXBuildFile; fileRef = A89E50CE260E0FCE0005D016 /* ContentView.swift */; };
		A89E50D1260E0FCE0005D016 /* Assets.xcassets in Resources */ = {isa = PBXBuildFile; fileRef = A89E50D0260E0FCE0005D016 /* Assets.xcassets */; };
		A89E50D4260E0FCE0005D016 /* Preview Assets.xcassets in Resources */ = {isa = PBXBuildFile; fileRef = A89E50D3260E0FCE0005D016 /* Preview Assets.xcassets */; };
		A89E50DF260E0FCF0005D016 /* FavouriteFoodTests.swift in Sources */ = {isa = PBXBuildFile; fileRef = A89E50DE260E0FCF0005D016 /* FavouriteFoodTests.swift */; };
		A89E50EA260E0FCF0005D016 /* FavouriteFoodUITests.swift in Sources */ = {isa = PBXBuildFile; fileRef = A89E50E9260E0FCF0005D016 /* FavouriteFoodUITests.swift */; };
		A89E50FB260E10BC0005D016 /* FavouriteFood.swift in Sources */ = {isa = PBXBuildFile; fileRef = A89E50FA260E10BC0005D016 /* FavouriteFood.swift */; };
/* End PBXBuildFile section */

/* Begin PBXContainerItemProxy section */
		A89E50DB260E0FCF0005D016 /* PBXContainerItemProxy */ = {
			isa = PBXContainerItemProxy;
			containerPortal = A89E50C1260E0FCE0005D016 /* Project object */;
			proxyType = 1;
			remoteGlobalIDString = A89E50C8260E0FCE0005D016;
			remoteInfo = FavouriteFood;
		};
		A89E50E6260E0FCF0005D016 /* PBXContainerItemProxy */ = {
			isa = PBXContainerItemProxy;
			containerPortal = A89E50C1260E0FCE0005D016 /* Project object */;
			proxyType = 1;
			remoteGlobalIDString = A89E50C8260E0FCE0005D016;
			remoteInfo = FavouriteFood;
		};
/* End PBXContainerItemProxy section */

/* Begin PBXFileReference section */
		A89E50C9260E0FCE0005D016 /* FavouriteFood.app */ = {isa = PBXFileReference; explicitFileType = wrapper.application; includeInIndex = 0; path = FavouriteFood.app; sourceTree = BUILT_PRODUCTS_DIR; };
		A89E50CC260E0FCE0005D016 /* FavouriteFoodApp.swift */ = {isa = PBXFileReference; lastKnownFileType = sourcecode.swift; path = FavouriteFoodApp.swift; sourceTree = "<group>"; };
		A89E50CE260E0FCE0005D016 /* ContentView.swift */ = {isa = PBXFileReference; lastKnownFileType = sourcecode.swift; path = ContentView.swift; sourceTree = "<group>"; };
		A89E50D0260E0FCE0005D016 /* Assets.xcassets */ = {isa = PBXFileReference; lastKnownFileType = folder.assetcatalog; path = Assets.xcassets; sourceTree = "<group>"; };
		A89E50D3260E0FCE0005D016 /* Preview Assets.xcassets */ = {isa = PBXFileReference; lastKnownFileType = folder.assetcatalog; path = "Preview Assets.xcassets"; sourceTree = "<group>"; };
		A89E50D5260E0FCE0005D016 /* Info.plist */ = {isa = PBXFileReference; lastKnownFileType = text.plist.xml; path = Info.plist; sourceTree = "<group>"; };
		A89E50DA260E0FCF0005D016 /* FavouriteFoodTests.xctest */ = {isa = PBXFileReference; explicitFileType = wrapper.cfbundle; includeInIndex = 0; path = FavouriteFoodTests.xctest; sourceTree = BUILT_PRODUCTS_DIR; };
		A89E50DE260E0FCF0005D016 /* FavouriteFoodTests.swift */ = {isa = PBXFileReference; lastKnownFileType = sourcecode.swift; path = FavouriteFoodTests.swift; sourceTree = "<group>"; };
		A89E50E0260E0FCF0005D016 /* Info.plist */ = {isa = PBXFileReference; lastKnownFileType = text.plist.xml; path = Info.plist; sourceTree = "<group>"; };
		A89E50E5260E0FCF0005D016 /* FavouriteFoodUITests.xctest */ = {isa = PBXFileReference; explicitFileType = wrapper.cfbundle; includeInIndex = 0; path = FavouriteFoodUITests.xctest; sourceTree = BUILT_PRODUCTS_DIR; };
		A89E50E9260E0FCF0005D016 /* FavouriteFoodUITests.swift */ = {isa = PBXFileReference; lastKnownFileType = sourcecode.swift; path = FavouriteFoodUITests.swift; sourceTree = "<group>"; };
		A89E50EB260E0FCF0005D016 /* Info.plist */ = {isa = PBXFileReference; lastKnownFileType = text.plist.xml; path = Info.plist; sourceTree = "<group>"; };
		A89E50FA260E10BC0005D016 /* FavouriteFood.swift */ = {isa = PBXFileReference; lastKnownFileType = sourcecode.swift; path = FavouriteFood.swift; sourceTree = "<group>"; };
/* End PBXFileReference section */

/* Begin PBXFrameworksBuildPhase section */
		A89E50C6260E0FCE0005D016 /* Frameworks */ = {
			isa = PBXFrameworksBuildPhase;
			buildActionMask = 2147483647;
			files = (
			);
			runOnlyForDeploymentPostprocessing = 0;
		};
		A89E50D7260E0FCF0005D016 /* Frameworks */ = {
			isa = PBXFrameworksBuildPhase;
			buildActionMask = 2147483647;
			files = (
			);
			runOnlyForDeploymentPostprocessing = 0;
		};
		A89E50E2260E0FCF0005D016 /* Frameworks */ = {
			isa = PBXFrameworksBuildPhase;
			buildActionMask = 2147483647;
			files = (
			);
			runOnlyForDeploymentPostprocessing = 0;
		};
/* End PBXFrameworksBuildPhase section */

/* Begin PBXGroup section */
		A89E50C0260E0FCE0005D016 = {
			isa = PBXGroup;
			children = (
				A89E50CB260E0FCE0005D016 /* FavouriteFood */,
				A89E50DD260E0FCF0005D016 /* FavouriteFoodTests */,
				A89E50E8260E0FCF0005D016 /* FavouriteFoodUITests */,
				A89E50CA260E0FCE0005D016 /* Products */,
			);
			sourceTree = "<group>";
		};
		A89E50CA260E0FCE0005D016 /* Products */ = {
			isa = PBXGroup;
			children = (
				A89E50C9260E0FCE0005D016 /* FavouriteFood.app */,
				A89E50DA260E0FCF0005D016 /* FavouriteFoodTests.xctest */,
				A89E50E5260E0FCF0005D016 /* FavouriteFoodUITests.xctest */,
			);
			name = Products;
			sourceTree = "<group>";
		};
		A89E50CB260E0FCE0005D016 /* FavouriteFood */ = {
			isa = PBXGroup;
			children = (
				A89E50CC260E0FCE0005D016 /* FavouriteFoodApp.swift */,
				A89E50CE260E0FCE0005D016 /* ContentView.swift */,
				A89E50FA260E10BC0005D016 /* FavouriteFood.swift */,
				A89E50D0260E0FCE0005D016 /* Assets.xcassets */,
				A89E50D5260E0FCE0005D016 /* Info.plist */,
				A89E50D2260E0FCE0005D016 /* Preview Content */,
			);
			path = FavouriteFood;
			sourceTree = "<group>";
		};
		A89E50D2260E0FCE0005D016 /* Preview Content */ = {
			isa = PBXGroup;
			children = (
				A89E50D3260E0FCE0005D016 /* Preview Assets.xcassets */,
			);
			path = "Preview Content";
			sourceTree = "<group>";
		};
		A89E50DD260E0FCF0005D016 /* FavouriteFoodTests */ = {
			isa = PBXGroup;
			children = (
				A89E50DE260E0FCF0005D016 /* FavouriteFoodTests.swift */,
				A89E50E0260E0FCF0005D016 /* Info.plist */,
			);
			path = FavouriteFoodTests;
			sourceTree = "<group>";
		};
		A89E50E8260E0FCF0005D016 /* FavouriteFoodUITests */ = {
			isa = PBXGroup;
			children = (
				A89E50E9260E0FCF0005D016 /* FavouriteFoodUITests.swift */,
				A89E50EB260E0FCF0005D016 /* Info.plist */,
			);
			path = FavouriteFoodUITests;
			sourceTree = "<group>";
		};
/* End PBXGroup section */

/* Begin PBXNativeTarget section */
		A89E50C8260E0FCE0005D016 /* FavouriteFood */ = {
			isa = PBXNativeTarget;
			buildConfigurationList = A89E50EE260E0FCF0005D016 /* Build configuration list for PBXNativeTarget "FavouriteFood" */;
			buildPhases = (
				A89E50C5260E0FCE0005D016 /* Sources */,
				A89E50C6260E0FCE0005D016 /* Frameworks */,
				A89E50C7260E0FCE0005D016 /* Resources */,
			);
			buildRules = (
			);
			dependencies = (
			);
			name = FavouriteFood;
			productName = FavouriteFood;
			productReference = A89E50C9260E0FCE0005D016 /* FavouriteFood.app */;
			productType = "com.apple.product-type.application";
		};
		A89E50D9260E0FCF0005D016 /* FavouriteFoodTests */ = {
			isa = PBXNativeTarget;
			buildConfigurationList = A89E50F1260E0FCF0005D016 /* Build configuration list for PBXNativeTarget "FavouriteFoodTests" */;
			buildPhases = (
				A89E50D6260E0FCF0005D016 /* Sources */,
				A89E50D7260E0FCF0005D016 /* Frameworks */,
				A89E50D8260E0FCF0005D016 /* Resources */,
			);
			buildRules = (
			);
			dependencies = (
				A89E50DC260E0FCF0005D016 /* PBXTargetDependency */,
			);
			name = FavouriteFoodTests;
			productName = FavouriteFoodTests;
			productReference = A89E50DA260E0FCF0005D016 /* FavouriteFoodTests.xctest */;
			productType = "com.apple.product-type.bundle.unit-test";
		};
		A89E50E4260E0FCF0005D016 /* FavouriteFoodUITests */ = {
			isa = PBXNativeTarget;
			buildConfigurationList = A89E50F4260E0FCF0005D016 /* Build configuration list for PBXNativeTarget "FavouriteFoodUITests" */;
			buildPhases = (
				A89E50E1260E0FCF0005D016 /* Sources */,
				A89E50E2260E0FCF0005D016 /* Frameworks */,
				A89E50E3260E0FCF0005D016 /* Resources */,
			);
			buildRules = (
			);
			dependencies = (
				A89E50E7260E0FCF0005D016 /* PBXTargetDependency */,
			);
			name = FavouriteFoodUITests;
			productName = FavouriteFoodUITests;
			productReference = A89E50E5260E0FCF0005D016 /* FavouriteFoodUITests.xctest */;
			productType = "com.apple.product-type.bundle.ui-testing";
		};
/* End PBXNativeTarget section */

/* Begin PBXProject section */
		A89E50C1260E0FCE0005D016 /* Project object */ = {
			isa = PBXProject;
			attributes = {
				LastSwiftUpdateCheck = 1240;
				LastUpgradeCheck = 1240;
				TargetAttributes = {
					A89E50C8260E0FCE0005D016 = {
						CreatedOnToolsVersion = 12.4;
					};
					A89E50D9260E0FCF0005D016 = {
						CreatedOnToolsVersion = 12.4;
						TestTargetID = A89E50C8260E0FCE0005D016;
					};
					A89E50E4260E0FCF0005D016 = {
						CreatedOnToolsVersion = 12.4;
						TestTargetID = A89E50C8260E0FCE0005D016;
					};
				};
			};
			buildConfigurationList = A89E50C4260E0FCE0005D016 /* Build configuration list for PBXProject "FavouriteFood" */;
			compatibilityVersion = "Xcode 9.3";
			developmentRegion = en;
			hasScannedForEncodings = 0;
			knownRegions = (
				en,
				Base,
			);
			mainGroup = A89E50C0260E0FCE0005D016;
			productRefGroup = A89E50CA260E0FCE0005D016 /* Products */;
			projectDirPath = "";
			projectRoot = "";
			targets = (
				A89E50C8260E0FCE0005D016 /* FavouriteFood */,
				A89E50D9260E0FCF0005D016 /* FavouriteFoodTests */,
				A89E50E4260E0FCF0005D016 /* FavouriteFoodUITests */,
			);
		};
/* End PBXProject section */

/* Begin PBXResourcesBuildPhase section */
		A89E50C7260E0FCE0005D016 /* Resources */ = {
			isa = PBXResourcesBuildPhase;
			buildActionMask = 2147483647;
			files = (
				A89E50D4260E0FCE0005D016 /* Preview Assets.xcassets in Resources */,
				A89E50D1260E0FCE0005D016 /* Assets.xcassets in Resources */,
			);
			runOnlyForDeploymentPostprocessing = 0;
		};
		A89E50D8260E0FCF0005D016 /* Resources */ = {
			isa = PBXResourcesBuildPhase;
			buildActionMask = 2147483647;
			files = (
			);
			runOnlyForDeploymentPostprocessing = 0;
		};
		A89E50E3260E0FCF0005D016 /* Resources */ = {
			isa = PBXResourcesBuildPhase;
			buildActionMask = 2147483647;
			files = (
			);
			runOnlyForDeploymentPostprocessing = 0;
		};
/* End PBXResourcesBuildPhase section */

/* Begin PBXSourcesBuildPhase section */
		A89E50C5260E0FCE0005D016 /* Sources */ = {
			isa = PBXSourcesBuildPhase;
			buildActionMask = 2147483647;
			files = (
				A89E50FB260E10BC0005D016 /* FavouriteFood.swift in Sources */,
				A89E50CF260E0FCE0005D016 /* ContentView.swift in Sources */,
				A89E50CD260E0FCE0005D016 /* FavouriteFoodApp.swift in Sources */,
			);
			runOnlyForDeploymentPostprocessing = 0;
		};
		A89E50D6260E0FCF0005D016 /* Sources */ = {
			isa = PBXSourcesBuildPhase;
			buildActionMask = 2147483647;
			files = (
				A89E50DF260E0FCF0005D016 /* FavouriteFoodTests.swift in Sources */,
			);
			runOnlyForDeploymentPostprocessing = 0;
		};
		A89E50E1260E0FCF0005D016 /* Sources */ = {
			isa = PBXSourcesBuildPhase;
			buildActionMask = 2147483647;
			files = (
				A89E50EA260E0FCF0005D016 /* FavouriteFoodUITests.swift in Sources */,
			);
			runOnlyForDeploymentPostprocessing = 0;
		};
/* End PBXSourcesBuildPhase section */

/* Begin PBXTargetDependency section */
		A89E50DC260E0FCF0005D016 /* PBXTargetDependency */ = {
			isa = PBXTargetDependency;
			target = A89E50C8260E0FCE0005D016 /* FavouriteFood */;
			targetProxy = A89E50DB260E0FCF0005D016 /* PBXContainerItemProxy */;
		};
		A89E50E7260E0FCF0005D016 /* PBXTargetDependency */ = {
			isa = PBXTargetDependency;
			target = A89E50C8260E0FCE0005D016 /* FavouriteFood */;
			targetProxy = A89E50E6260E0FCF0005D016 /* PBXContainerItemProxy */;
		};
/* End PBXTargetDependency section */

/* Begin XCBuildConfiguration section */
		A89E50EC260E0FCF0005D016 /* Debug */ = {
			isa = XCBuildConfiguration;
			buildSettings = {
				ALWAYS_SEARCH_USER_PATHS = NO;
				CLANG_ANALYZER_NONNULL = YES;
				CLANG_ANALYZER_NUMBER_OBJECT_CONVERSION = YES_AGGRESSIVE;
				CLANG_CXX_LANGUAGE_STANDARD = "gnu++14";
				CLANG_CXX_LIBRARY = "libc++";
				CLANG_ENABLE_MODULES = YES;
				CLANG_ENABLE_OBJC_ARC = YES;
				CLANG_ENABLE_OBJC_WEAK = YES;
				CLANG_WARN_BLOCK_CAPTURE_AUTORELEASING = YES;
				CLANG_WARN_BOOL_CONVERSION = YES;
				CLANG_WARN_COMMA = YES;
				CLANG_WARN_CONSTANT_CONVERSION = YES;
				CLANG_WARN_DEPRECATED_OBJC_IMPLEMENTATIONS = YES;
				CLANG_WARN_DIRECT_OBJC_ISA_USAGE = YES_ERROR;
				CLANG_WARN_DOCUMENTATION_COMMENTS = YES;
				CLANG_WARN_EMPTY_BODY = YES;
				CLANG_WARN_ENUM_CONVERSION = YES;
				CLANG_WARN_INFINITE_RECURSION = YES;
				CLANG_WARN_INT_CONVERSION = YES;
				CLANG_WARN_NON_LITERAL_NULL_CONVERSION = YES;
				CLANG_WARN_OBJC_IMPLICIT_RETAIN_SELF = YES;
				CLANG_WARN_OBJC_LITERAL_CONVERSION = YES;
				CLANG_WARN_OBJC_ROOT_CLASS = YES_ERROR;
				CLANG_WARN_QUOTED_INCLUDE_IN_FRAMEWORK_HEADER = YES;
				CLANG_WARN_RANGE_LOOP_ANALYSIS = YES;
				CLANG_WARN_STRICT_PROTOTYPES = YES;
				CLANG_WARN_SUSPICIOUS_MOVE = YES;
				CLANG_WARN_UNGUARDED_AVAILABILITY = YES_AGGRESSIVE;
				CLANG_WARN_UNREACHABLE_CODE = YES;
				CLANG_WARN__DUPLICATE_METHOD_MATCH = YES;
				COPY_PHASE_STRIP = NO;
				DEBUG_INFORMATION_FORMAT = dwarf;
				ENABLE_STRICT_OBJC_MSGSEND = YES;
				ENABLE_TESTABILITY = YES;
				GCC_C_LANGUAGE_STANDARD = gnu11;
				GCC_DYNAMIC_NO_PIC = NO;
				GCC_NO_COMMON_BLOCKS = YES;
				GCC_OPTIMIZATION_LEVEL = 0;
				GCC_PREPROCESSOR_DEFINITIONS = (
					"DEBUG=1",
					"$(inherited)",
				);
				GCC_WARN_64_TO_32_BIT_CONVERSION = YES;
				GCC_WARN_ABOUT_RETURN_TYPE = YES_ERROR;
				GCC_WARN_UNDECLARED_SELECTOR = YES;
				GCC_WARN_UNINITIALIZED_AUTOS = YES_AGGRESSIVE;
				GCC_WARN_UNUSED_FUNCTION = YES;
				GCC_WARN_UNUSED_VARIABLE = YES;
				IPHONEOS_DEPLOYMENT_TARGET = 14.4;
				MTL_ENABLE_DEBUG_INFO = INCLUDE_SOURCE;
				MTL_FAST_MATH = YES;
				ONLY_ACTIVE_ARCH = YES;
				SDKROOT = iphoneos;
				SWIFT_ACTIVE_COMPILATION_CONDITIONS = DEBUG;
				SWIFT_OPTIMIZATION_LEVEL = "-Onone";
			};
			name = Debug;
		};
		A89E50ED260E0FCF0005D016 /* Release */ = {
			isa = XCBuildConfiguration;
			buildSettings = {
				ALWAYS_SEARCH_USER_PATHS = NO;
				CLANG_ANALYZER_NONNULL = YES;
				CLANG_ANALYZER_NUMBER_OBJECT_CONVERSION = YES_AGGRESSIVE;
				CLANG_CXX_LANGUAGE_STANDARD = "gnu++14";
				CLANG_CXX_LIBRARY = "libc++";
				CLANG_ENABLE_MODULES = YES;
				CLANG_ENABLE_OBJC_ARC = YES;
				CLANG_ENABLE_OBJC_WEAK = YES;
				CLANG_WARN_BLOCK_CAPTURE_AUTORELEASING = YES;
				CLANG_WARN_BOOL_CONVERSION = YES;
				CLANG_WARN_COMMA = YES;
				CLANG_WARN_CONSTANT_CONVERSION = YES;
				CLANG_WARN_DEPRECATED_OBJC_IMPLEMENTATIONS = YES;
				CLANG_WARN_DIRECT_OBJC_ISA_USAGE = YES_ERROR;
				CLANG_WARN_DOCUMENTATION_COMMENTS = YES;
				CLANG_WARN_EMPTY_BODY = YES;
				CLANG_WARN_ENUM_CONVERSION = YES;
				CLANG_WARN_INFINITE_RECURSION = YES;
				CLANG_WARN_INT_CONVERSION = YES;
				CLANG_WARN_NON_LITERAL_NULL_CONVERSION = YES;
				CLANG_WARN_OBJC_IMPLICIT_RETAIN_SELF = YES;
				CLANG_WARN_OBJC_LITERAL_CONVERSION = YES;
				CLANG_WARN_OBJC_ROOT_CLASS = YES_ERROR;
				CLANG_WARN_QUOTED_INCLUDE_IN_FRAMEWORK_HEADER = YES;
				CLANG_WARN_RANGE_LOOP_ANALYSIS = YES;
				CLANG_WARN_STRICT_PROTOTYPES = YES;
				CLANG_WARN_SUSPICIOUS_MOVE = YES;
				CLANG_WARN_UNGUARDED_AVAILABILITY = YES_AGGRESSIVE;
				CLANG_WARN_UNREACHABLE_CODE = YES;
				CLANG_WARN__DUPLICATE_METHOD_MATCH = YES;
				COPY_PHASE_STRIP = NO;
				DEBUG_INFORMATION_FORMAT = "dwarf-with-dsym";
				ENABLE_NS_ASSERTIONS = NO;
				ENABLE_STRICT_OBJC_MSGSEND = YES;
				GCC_C_LANGUAGE_STANDARD = gnu11;
				GCC_NO_COMMON_BLOCKS = YES;
				GCC_WARN_64_TO_32_BIT_CONVERSION = YES;
				GCC_WARN_ABOUT_RETURN_TYPE = YES_ERROR;
				GCC_WARN_UNDECLARED_SELECTOR = YES;
				GCC_WARN_UNINITIALIZED_AUTOS = YES_AGGRESSIVE;
				GCC_WARN_UNUSED_FUNCTION = YES;
				GCC_WARN_UNUSED_VARIABLE = YES;
				IPHONEOS_DEPLOYMENT_TARGET = 14.4;
				MTL_ENABLE_DEBUG_INFO = NO;
				MTL_FAST_MATH = YES;
				SDKROOT = iphoneos;
				SWIFT_COMPILATION_MODE = wholemodule;
				SWIFT_OPTIMIZATION_LEVEL = "-O";
				VALIDATE_PRODUCT = YES;
			};
			name = Release;
		};
		A89E50EF260E0FCF0005D016 /* Debug */ = {
			isa = XCBuildConfiguration;
			buildSettings = {
				ASSETCATALOG_COMPILER_APPICON_NAME = AppIcon;
				ASSETCATALOG_COMPILER_GLOBAL_ACCENT_COLOR_NAME = AccentColor;
				CODE_SIGN_STYLE = Automatic;
				DEVELOPMENT_ASSET_PATHS = "\"FavouriteFood/Preview Content\"";
				ENABLE_PREVIEWS = YES;
				INFOPLIST_FILE = FavouriteFood/Info.plist;
				IPHONEOS_DEPLOYMENT_TARGET = 14.0;
				LD_RUNPATH_SEARCH_PATHS = (
					"$(inherited)",
					"@executable_path/Frameworks",
				);
				PRODUCT_BUNDLE_IDENTIFIER = "-23.FavouriteFood";
				PRODUCT_NAME = "$(TARGET_NAME)";
				SWIFT_VERSION = 5.0;
				TARGETED_DEVICE_FAMILY = "1,2";
			};
			name = Debug;
		};
		A89E50F0260E0FCF0005D016 /* Release */ = {
			isa = XCBuildConfiguration;
			buildSettings = {
				ASSETCATALOG_COMPILER_APPICON_NAME = AppIcon;
				ASSETCATALOG_COMPILER_GLOBAL_ACCENT_COLOR_NAME = AccentColor;
				CODE_SIGN_STYLE = Automatic;
				DEVELOPMENT_ASSET_PATHS = "\"FavouriteFood/Preview Content\"";
				ENABLE_PREVIEWS = YES;
				INFOPLIST_FILE = FavouriteFood/Info.plist;
				IPHONEOS_DEPLOYMENT_TARGET = 14.0;
				LD_RUNPATH_SEARCH_PATHS = (
					"$(inherited)",
					"@executable_path/Frameworks",
				);
				PRODUCT_BUNDLE_IDENTIFIER = "-23.FavouriteFood";
				PRODUCT_NAME = "$(TARGET_NAME)";
				SWIFT_VERSION = 5.0;
				TARGETED_DEVICE_FAMILY = "1,2";
			};
			name = Release;
		};
		A89E50F2260E0FCF0005D016 /* Debug */ = {
			isa = XCBuildConfiguration;
			buildSettings = {
				ALWAYS_EMBED_SWIFT_STANDARD_LIBRARIES = YES;
				BUNDLE_LOADER = "$(TEST_HOST)";
				CODE_SIGN_STYLE = Automatic;
				INFOPLIST_FILE = FavouriteFoodTests/Info.plist;
				IPHONEOS_DEPLOYMENT_TARGET = 14.0;
				LD_RUNPATH_SEARCH_PATHS = (
					"$(inherited)",
					"@executable_path/Frameworks",
					"@loader_path/Frameworks",
				);
				PRODUCT_BUNDLE_IDENTIFIER = "-23.FavouriteFoodTests";
				PRODUCT_NAME = "$(TARGET_NAME)";
				SWIFT_VERSION = 5.0;
				TARGETED_DEVICE_FAMILY = "1,2";
				TEST_HOST = "$(BUILT_PRODUCTS_DIR)/FavouriteFood.app/FavouriteFood";
			};
			name = Debug;
		};
		A89E50F3260E0FCF0005D016 /* Release */ = {
			isa = XCBuildConfiguration;
			buildSettings = {
				ALWAYS_EMBED_SWIFT_STANDARD_LIBRARIES = YES;
				BUNDLE_LOADER = "$(TEST_HOST)";
				CODE_SIGN_STYLE = Automatic;
				INFOPLIST_FILE = FavouriteFoodTests/Info.plist;
				IPHONEOS_DEPLOYMENT_TARGET = 14.0;
				LD_RUNPATH_SEARCH_PATHS = (
					"$(inherited)",
					"@executable_path/Frameworks",
					"@loader_path/Frameworks",
				);
				PRODUCT_BUNDLE_IDENTIFIER = "-23.FavouriteFoodTests";
				PRODUCT_NAME = "$(TARGET_NAME)";
				SWIFT_VERSION = 5.0;
				TARGETED_DEVICE_FAMILY = "1,2";
				TEST_HOST = "$(BUILT_PRODUCTS_DIR)/FavouriteFood.app/FavouriteFood";
			};
			name = Release;
		};
		A89E50F5260E0FCF0005D016 /* Debug */ = {
			isa = XCBuildConfiguration;
			buildSettings = {
				ALWAYS_EMBED_SWIFT_STANDARD_LIBRARIES = YES;
				CODE_SIGN_STYLE = Automatic;
				INFOPLIST_FILE = FavouriteFoodUITests/Info.plist;
				LD_RUNPATH_SEARCH_PATHS = (
					"$(inherited)",
					"@executable_path/Frameworks",
					"@loader_path/Frameworks",
				);
				PRODUCT_BUNDLE_IDENTIFIER = "-23.FavouriteFoodUITests";
				PRODUCT_NAME = "$(TARGET_NAME)";
				SWIFT_VERSION = 5.0;
				TARGETED_DEVICE_FAMILY = "1,2";
				TEST_TARGET_NAME = FavouriteFood;
			};
			name = Debug;
		};
		A89E50F6260E0FCF0005D016 /* Release */ = {
			isa = XCBuildConfiguration;
			buildSettings = {
				ALWAYS_EMBED_SWIFT_STANDARD_LIBRARIES = YES;
				CODE_SIGN_STYLE = Automatic;
				INFOPLIST_FILE = FavouriteFoodUITests/Info.plist;
				LD_RUNPATH_SEARCH_PATHS = (
					"$(inherited)",
					"@executable_path/Frameworks",
					"@loader_path/Frameworks",
				);
				PRODUCT_BUNDLE_IDENTIFIER = "-23.FavouriteFoodUITests";
				PRODUCT_NAME = "$(TARGET_NAME)";
				SWIFT_VERSION = 5.0;
				TARGETED_DEVICE_FAMILY = "1,2";
				TEST_TARGET_NAME = FavouriteFood;
			};
			name = Release;
		};
/* End XCBuildConfiguration section */

/* Begin XCConfigurationList section */
		A89E50C4260E0FCE0005D016 /* Build configuration list for PBXProject "FavouriteFood" */ = {
			isa = XCConfigurationList;
			buildConfigurations = (
				A89E50EC260E0FCF0005D016 /* Debug */,
				A89E50ED260E0FCF0005D016 /* Release */,
			);
			defaultConfigurationIsVisible = 0;
			defaultConfigurationName = Release;
		};
		A89E50EE260E0FCF0005D016 /* Build configuration list for PBXNativeTarget "FavouriteFood" */ = {
			isa = XCConfigurationList;
			buildConfigurations = (
				A89E50EF260E0FCF0005D016 /* Debug */,
				A89E50F0260E0FCF0005D016 /* Release */,
			);
			defaultConfigurationIsVisible = 0;
			defaultConfigurationName = Release;
		};
		A89E50F1260E0FCF0005D016 /* Build configuration list for PBXNativeTarget "FavouriteFoodTests" */ = {
			isa = XCConfigurationList;
			buildConfigurations = (
				A89E50F2260E0FCF0005D016 /* Debug */,
				A89E50F3260E0FCF0005D016 /* Release */,
			);
			defaultConfigurationIsVisible = 0;
			defaultConfigurationName = Release;
		};
		A89E50F4260E0FCF0005D016 /* Build configuration list for PBXNativeTarget "FavouriteFoodUITests" */ = {
			isa = XCConfigurationList;
			buildConfigurations = (
				A89E50F5260E0FCF0005D016 /* Debug */,
				A89E50F6260E0FCF0005D016 /* Release */,
			);
			defaultConfigurationIsVisible = 0;
			defaultConfigurationName = Release;
		};
/* End XCConfigurationList section */
	};
	rootObject = A89E50C1260E0FCE0005D016 /* Project object */;
}
